// !$*UTF8*$!
{
	archiveVersion = 1;
	classes = {
	};
	objectVersion = 46;
	objects = {

/* Begin PBXAggregateTarget section */
		DB070FA3188E9B1A007F4A1B /* Framework */ = {
			isa = PBXAggregateTarget;
			buildConfigurationList = DB070FA4188E9B1A007F4A1B /* Build configuration list for PBXAggregateTarget "Framework" */;
			buildPhases = (
				DB070FA9188E9B79007F4A1B /* Build Framework */,
			);
			dependencies = (
				DB070FA8188E9B66007F4A1B /* PBXTargetDependency */,
			);
			name = Framework;
			productName = Framework;
		};
/* End PBXAggregateTarget section */

/* Begin PBXBuildFile section */
		DB070F39188E9495007F4A1B /* Foundation.framework in Frameworks */ = {isa = PBXBuildFile; fileRef = DB070F38188E9495007F4A1B /* Foundation.framework */; };
		DB070F3E188E9495007F4A1B /* UbiquityStoreManager.h in CopyFiles */ = {isa = PBXBuildFile; fileRef = DB070F3D188E9495007F4A1B /* UbiquityStoreManager.h */; };
		DB070F40188E9495007F4A1B /* UbiquityStoreManager.m in Sources */ = {isa = PBXBuildFile; fileRef = DB070F3F188E9495007F4A1B /* UbiquityStoreManager.m */; };
		DB070F60188E9530007F4A1B /* NSError+UbiquityStoreManager.m in Sources */ = {isa = PBXBuildFile; fileRef = DB070F5F188E9530007F4A1B /* NSError+UbiquityStoreManager.m */; };
		DB070F62188E96A3007F4A1B /* UbiquityStoreManager.h in Headers */ = {isa = PBXBuildFile; fileRef = DB070F3D188E9495007F4A1B /* UbiquityStoreManager.h */; settings = {ATTRIBUTES = (Public, ); }; };
		DB070F7C188E99B8007F4A1B /* JRSwizzle.h in Headers */ = {isa = PBXBuildFile; fileRef = DB070F65188E99B8007F4A1B /* JRSwizzle.h */; };
		DB070F7D188E99B8007F4A1B /* JRSwizzle.m in Sources */ = {isa = PBXBuildFile; fileRef = DB070F66188E99B8007F4A1B /* JRSwizzle.m */; };
/* End PBXBuildFile section */

/* Begin PBXContainerItemProxy section */
		DB070FA7188E9B66007F4A1B /* PBXContainerItemProxy */ = {
			isa = PBXContainerItemProxy;
			containerPortal = DB070F2D188E9495007F4A1B /* Project object */;
			proxyType = 1;
			remoteGlobalIDString = DB070F34188E9495007F4A1B;
			remoteInfo = UbiquityStoreManager;
		};
/* End PBXContainerItemProxy section */

/* Begin PBXCopyFilesBuildPhase section */
		DB070F33188E9495007F4A1B /* CopyFiles */ = {
			isa = PBXCopyFilesBuildPhase;
			buildActionMask = 2147483647;
			dstPath = "include/$(PRODUCT_NAME)";
			dstSubfolderSpec = 16;
			files = (
				DB070F3E188E9495007F4A1B /* UbiquityStoreManager.h in CopyFiles */,
			);
			runOnlyForDeploymentPostprocessing = 0;
		};
/* End PBXCopyFilesBuildPhase section */

/* Begin PBXFileReference section */
		DB070F35188E9495007F4A1B /* libUbiquityStoreManager.a */ = {isa = PBXFileReference; explicitFileType = archive.ar; includeInIndex = 0; path = libUbiquityStoreManager.a; sourceTree = BUILT_PRODUCTS_DIR; };
		DB070F38188E9495007F4A1B /* Foundation.framework */ = {isa = PBXFileReference; lastKnownFileType = wrapper.framework; name = Foundation.framework; path = System/Library/Frameworks/Foundation.framework; sourceTree = SDKROOT; };
		DB070F3D188E9495007F4A1B /* UbiquityStoreManager.h */ = {isa = PBXFileReference; lastKnownFileType = sourcecode.c.h; path = UbiquityStoreManager.h; sourceTree = "<group>"; };
		DB070F3F188E9495007F4A1B /* UbiquityStoreManager.m */ = {isa = PBXFileReference; lastKnownFileType = sourcecode.c.objc; path = UbiquityStoreManager.m; sourceTree = "<group>"; };
		DB070F46188E9495007F4A1B /* XCTest.framework */ = {isa = PBXFileReference; lastKnownFileType = wrapper.framework; name = XCTest.framework; path = Library/Frameworks/XCTest.framework; sourceTree = DEVELOPER_DIR; };
		DB070F49188E9495007F4A1B /* UIKit.framework */ = {isa = PBXFileReference; lastKnownFileType = wrapper.framework; name = UIKit.framework; path = Library/Frameworks/UIKit.framework; sourceTree = DEVELOPER_DIR; };
		DB070F5E188E9530007F4A1B /* NSError+UbiquityStoreManager.h */ = {isa = PBXFileReference; fileEncoding = 4; lastKnownFileType = sourcecode.c.h; path = "NSError+UbiquityStoreManager.h"; sourceTree = "<group>"; };
		DB070F5F188E9530007F4A1B /* NSError+UbiquityStoreManager.m */ = {isa = PBXFileReference; fileEncoding = 4; lastKnownFileType = sourcecode.c.objc; path = "NSError+UbiquityStoreManager.m"; sourceTree = "<group>"; };
		DB070F65188E99B8007F4A1B /* JRSwizzle.h */ = {isa = PBXFileReference; fileEncoding = 4; lastKnownFileType = sourcecode.c.h; path = JRSwizzle.h; sourceTree = "<group>"; };
		DB070F66188E99B8007F4A1B /* JRSwizzle.m */ = {isa = PBXFileReference; fileEncoding = 4; lastKnownFileType = sourcecode.c.objc; path = JRSwizzle.m; sourceTree = "<group>"; };
/* End PBXFileReference section */

/* Begin PBXFrameworksBuildPhase section */
		DB070F32188E9495007F4A1B /* Frameworks */ = {
			isa = PBXFrameworksBuildPhase;
			buildActionMask = 2147483647;
			files = (
				DB070F39188E9495007F4A1B /* Foundation.framework in Frameworks */,
			);
			runOnlyForDeploymentPostprocessing = 0;
		};
/* End PBXFrameworksBuildPhase section */

/* Begin PBXGroup section */
		DB070F2C188E9495007F4A1B = {
			isa = PBXGroup;
			children = (
				DB070F64188E99B8007F4A1B /* jrswizzle */,
				DB070F3A188E9495007F4A1B /* UbiquityStoreManager */,
				DB070F37188E9495007F4A1B /* Frameworks */,
				DB070F36188E9495007F4A1B /* Products */,
			);
			sourceTree = "<group>";
		};
		DB070F36188E9495007F4A1B /* Products */ = {
			isa = PBXGroup;
			children = (
				DB070F35188E9495007F4A1B /* libUbiquityStoreManager.a */,
			);
			name = Products;
			sourceTree = "<group>";
		};
		DB070F37188E9495007F4A1B /* Frameworks */ = {
			isa = PBXGroup;
			children = (
				DB070F38188E9495007F4A1B /* Foundation.framework */,
				DB070F46188E9495007F4A1B /* XCTest.framework */,
				DB070F49188E9495007F4A1B /* UIKit.framework */,
			);
			name = Frameworks;
			sourceTree = "<group>";
		};
		DB070F3A188E9495007F4A1B /* UbiquityStoreManager */ = {
			isa = PBXGroup;
			children = (
				DB070F5E188E9530007F4A1B /* NSError+UbiquityStoreManager.h */,
				DB070F5F188E9530007F4A1B /* NSError+UbiquityStoreManager.m */,
				DB070F3D188E9495007F4A1B /* UbiquityStoreManager.h */,
				DB070F3F188E9495007F4A1B /* UbiquityStoreManager.m */,
			);
			path = UbiquityStoreManager;
			sourceTree = "<group>";
		};
		DB070F64188E99B8007F4A1B /* jrswizzle */ = {
			isa = PBXGroup;
			children = (
				DB070F65188E99B8007F4A1B /* JRSwizzle.h */,
				DB070F66188E99B8007F4A1B /* JRSwizzle.m */,
			);
			path = jrswizzle;
			sourceTree = "<group>";
		};
/* End PBXGroup section */

/* Begin PBXHeadersBuildPhase section */
		DB070F61188E963F007F4A1B /* Headers */ = {
			isa = PBXHeadersBuildPhase;
			buildActionMask = 2147483647;
			files = (
				DB070F62188E96A3007F4A1B /* UbiquityStoreManager.h in Headers */,
				DB070F7C188E99B8007F4A1B /* JRSwizzle.h in Headers */,
			);
			runOnlyForDeploymentPostprocessing = 0;
		};
/* End PBXHeadersBuildPhase section */

/* Begin PBXNativeTarget section */
		DB070F34188E9495007F4A1B /* UbiquityStoreManager */ = {
			isa = PBXNativeTarget;
			buildConfigurationList = DB070F58188E9496007F4A1B /* Build configuration list for PBXNativeTarget "UbiquityStoreManager" */;
			buildPhases = (
				DB070F31188E9495007F4A1B /* Sources */,
				DB070F32188E9495007F4A1B /* Frameworks */,
				DB070F33188E9495007F4A1B /* CopyFiles */,
				DB070F61188E963F007F4A1B /* Headers */,
				DB070F63188E9861007F4A1B /* Prepare Framework */,
			);
			buildRules = (
			);
			dependencies = (
			);
			name = UbiquityStoreManager;
			productName = UbiquityStoreManager;
			productReference = DB070F35188E9495007F4A1B /* libUbiquityStoreManager.a */;
			productType = "com.apple.product-type.library.static";
		};
/* End PBXNativeTarget section */

/* Begin PBXProject section */
		DB070F2D188E9495007F4A1B /* Project object */ = {
			isa = PBXProject;
			attributes = {
				LastUpgradeCheck = 0510;
				ORGANIZATIONNAME = "Iyndir lhunath";
			};
			buildConfigurationList = DB070F30188E9495007F4A1B /* Build configuration list for PBXProject "UbiquityStoreManager" */;
			compatibilityVersion = "Xcode 3.2";
			developmentRegion = English;
			hasScannedForEncodings = 0;
			knownRegions = (
				en,
			);
			mainGroup = DB070F2C188E9495007F4A1B;
			productRefGroup = DB070F36188E9495007F4A1B /* Products */;
			projectDirPath = "";
			projectRoot = "";
			targets = (
				DB070F34188E9495007F4A1B /* UbiquityStoreManager */,
				DB070FA3188E9B1A007F4A1B /* Framework */,
			);
		};
/* End PBXProject section */

/* Begin PBXShellScriptBuildPhase section */
		DB070F63188E9861007F4A1B /* Prepare Framework */ = {
			isa = PBXShellScriptBuildPhase;
			buildActionMask = 2147483647;
			files = (
			);
			inputPaths = (
			);
			name = "Prepare Framework";
			outputPaths = (
			);
			runOnlyForDeploymentPostprocessing = 0;
			shellPath = /bin/sh;
			shellScript = "set -e\n\nmkdir -p \"${BUILT_PRODUCTS_DIR}/${PRODUCT_NAME}.framework/Versions/A/Headers\"\n\n# Link the \"Current\" version to \"A\"\n/bin/ln -sfh A \"${BUILT_PRODUCTS_DIR}/${PRODUCT_NAME}.framework/Versions/Current\"\n/bin/ln -sfh Versions/Current/Headers \"${BUILT_PRODUCTS_DIR}/${PRODUCT_NAME}.framework/Headers\"\n/bin/ln -sfh \"Versions/Current/${PRODUCT_NAME}\" \"${BUILT_PRODUCTS_DIR}/${PRODUCT_NAME}.framework/${PRODUCT_NAME}\"\n\n# The -a ensures that the headers maintain the source modification date so that we don't constantly\n# cause propagating rebuilds of files that import these headers.\n/bin/cp -a \"${TARGET_BUILD_DIR}/${PUBLIC_HEADERS_FOLDER_PATH}/\" \"${BUILT_PRODUCTS_DIR}/${PRODUCT_NAME}.framework/Versions/A/Headers\"";
		};
		DB070FA9188E9B79007F4A1B /* Build Framework */ = {
			isa = PBXShellScriptBuildPhase;
			buildActionMask = 2147483647;
			files = (
			);
			inputPaths = (
			);
			name = "Build Framework";
			outputPaths = (
			);
			runOnlyForDeploymentPostprocessing = 0;
			shellPath = /bin/sh;
			shellScript = "set -e\nset +u\n# Avoid recursively calling this script.\nif [[ $SF_MASTER_SCRIPT_RUNNING ]]\nthen\nexit 0\nfi\nset -u\nexport SF_MASTER_SCRIPT_RUNNING=1\n\nSF_TARGET_NAME=${PROJECT_NAME}\nSF_EXECUTABLE_PATH=\"lib${SF_TARGET_NAME}.a\"\nSF_WRAPPER_NAME=\"${SF_TARGET_NAME}.framework\"\n\n# The following conditionals come from\n# https://github.com/kstenerud/iOS-Universal-Framework\n\nif [[ \"$SDK_NAME\" =~ ([A-Za-z]+) ]]\nthen\nSF_SDK_PLATFORM=${BASH_REMATCH[1]}\nelse\necho \"Could not find platform name from SDK_NAME: $SDK_NAME\"\nexit 1\nfi\n\nif [[ \"$SDK_NAME\" =~ ([0-9]+.*$) ]]\nthen\nSF_SDK_VERSION=${BASH_REMATCH[1]}\nelse\necho \"Could not find sdk version from SDK_NAME: $SDK_NAME\"\nexit 1\nfi\n\nif [[ \"$SF_SDK_PLATFORM\" = \"iphoneos\" ]]\nthen\nSF_OTHER_PLATFORM=iphonesimulator\nelse\nSF_OTHER_PLATFORM=iphoneos\nfi\n\nif [[ \"$BUILT_PRODUCTS_DIR\" =~ (.*)$SF_SDK_PLATFORM$ ]]\nthen\nSF_OTHER_BUILT_PRODUCTS_DIR=\"${BASH_REMATCH[1]}${SF_OTHER_PLATFORM}\"\nelse\necho \"Could not find platform name from build products directory: $BUILT_PRODUCTS_DIR\"\nexit 1\nfi\n\n# Build the other platform.\nxcrun xcodebuild -project \"${PROJECT_FILE_PATH}\" -target \"${TARGET_NAME}\" -configuration \"${CONFIGURATION}\" -sdk ${SF_OTHER_PLATFORM}${SF_SDK_VERSION} BUILD_DIR=\"${BUILD_DIR}\" OBJROOT=\"${OBJROOT}\" BUILD_ROOT=\"${BUILD_ROOT}\" SYMROOT=\"${SYMROOT}\" $ACTION\n\n# Smash the two static libraries into one fat binary and store it in the .framework\nxcrun lipo -create \"${BUILT_PRODUCTS_DIR}/${SF_EXECUTABLE_PATH}\" \"${SF_OTHER_BUILT_PRODUCTS_DIR}/${SF_EXECUTABLE_PATH}\" -output \"${BUILT_PRODUCTS_DIR}/${SF_WRAPPER_NAME}/Versions/A/${SF_TARGET_NAME}\"\n\n# Copy the binary to the other architecture folder to have a complete framework in both.\ncp -a \"${BUILT_PRODUCTS_DIR}/${SF_WRAPPER_NAME}/Versions/A/${SF_TARGET_NAME}\" \"${SF_OTHER_BUILT_PRODUCTS_DIR}/${SF_WRAPPER_NAME}/Versions/A/${SF_TARGET_NAME}\"\n\n# Delete the old framework if exist\nif [ -d \"${SRCROOT}/Framework/${SF_WRAPPER_NAME}\" ]; then\nrm -r \"${SRCROOT}/Framework/${SF_WRAPPER_NAME}\"\nfi\n\n\n# Copy the framework tho the shared framework folder of the lib\ncp -a \"${BUILT_PRODUCTS_DIR}/${SF_WRAPPER_NAME}\" \"${SRCROOT}/Framework/${SF_WRAPPER_NAME}\"\n";
		};
/* End PBXShellScriptBuildPhase section */

/* Begin PBXSourcesBuildPhase section */
		DB070F31188E9495007F4A1B /* Sources */ = {
			isa = PBXSourcesBuildPhase;
			buildActionMask = 2147483647;
			files = (
				DB070F40188E9495007F4A1B /* UbiquityStoreManager.m in Sources */,
				DB070F7D188E99B8007F4A1B /* JRSwizzle.m in Sources */,
				DB070F60188E9530007F4A1B /* NSError+UbiquityStoreManager.m in Sources */,
			);
			runOnlyForDeploymentPostprocessing = 0;
		};
/* End PBXSourcesBuildPhase section */

/* Begin PBXTargetDependency section */
		DB070FA8188E9B66007F4A1B /* PBXTargetDependency */ = {
			isa = PBXTargetDependency;
			target = DB070F34188E9495007F4A1B /* UbiquityStoreManager */;
			targetProxy = DB070FA7188E9B66007F4A1B /* PBXContainerItemProxy */;
		};
/* End PBXTargetDependency section */

/* Begin XCBuildConfiguration section */
		DB070F56188E9496007F4A1B /* Debug */ = {
			isa = XCBuildConfiguration;
			buildSettings = {
				ALWAYS_SEARCH_USER_PATHS = NO;
				CLANG_CXX_LANGUAGE_STANDARD = "gnu++0x";
				CLANG_CXX_LIBRARY = "libc++";
				CLANG_ENABLE_MODULES = YES;
				CLANG_ENABLE_OBJC_ARC = YES;
				CLANG_WARN_BOOL_CONVERSION = YES;
				CLANG_WARN_CONSTANT_CONVERSION = YES;
				CLANG_WARN_DIRECT_OBJC_ISA_USAGE = YES_ERROR;
				CLANG_WARN_EMPTY_BODY = YES;
				CLANG_WARN_ENUM_CONVERSION = YES;
				CLANG_WARN_INT_CONVERSION = YES;
				CLANG_WARN_OBJC_ROOT_CLASS = YES_ERROR;
				CLANG_WARN__DUPLICATE_METHOD_MATCH = YES;
				COPY_PHASE_STRIP = NO;
				DEAD_CODE_STRIPPING = NO;
				GCC_C_LANGUAGE_STANDARD = gnu99;
				GCC_DYNAMIC_NO_PIC = NO;
				GCC_OPTIMIZATION_LEVEL = 0;
				GCC_PREPROCESSOR_DEFINITIONS = (
					"DEBUG=1",
					"$(inherited)",
				);
				GCC_SYMBOLS_PRIVATE_EXTERN = NO;
				GCC_WARN_64_TO_32_BIT_CONVERSION = YES;
				GCC_WARN_ABOUT_RETURN_TYPE = YES_ERROR;
				GCC_WARN_UNDECLARED_SELECTOR = YES;
				GCC_WARN_UNINITIALIZED_AUTOS = YES;
				GCC_WARN_UNUSED_FUNCTION = YES;
				GCC_WARN_UNUSED_VARIABLE = YES;
				IPHONEOS_DEPLOYMENT_TARGET = 7.0;
				ONLY_ACTIVE_ARCH = YES;
				PUBLIC_HEADERS_FOLDER_PATH = "$(PROJECT_NAME)Headers";
				SDKROOT = iphoneos;
				STRIP_STYLE = "non-global";
				VALID_ARCHS = "arm64 armv7 armv7s i386 x86_64";
			};
			name = Debug;
		};
		DB070F57188E9496007F4A1B /* Release */ = {
			isa = XCBuildConfiguration;
			buildSettings = {
				ALWAYS_SEARCH_USER_PATHS = NO;
				CLANG_CXX_LANGUAGE_STANDARD = "gnu++0x";
				CLANG_CXX_LIBRARY = "libc++";
				CLANG_ENABLE_MODULES = YES;
				CLANG_ENABLE_OBJC_ARC = YES;
				CLANG_WARN_BOOL_CONVERSION = YES;
				CLANG_WARN_CONSTANT_CONVERSION = YES;
				CLANG_WARN_DIRECT_OBJC_ISA_USAGE = YES_ERROR;
				CLANG_WARN_EMPTY_BODY = YES;
				CLANG_WARN_ENUM_CONVERSION = YES;
				CLANG_WARN_INT_CONVERSION = YES;
				CLANG_WARN_OBJC_ROOT_CLASS = YES_ERROR;
				CLANG_WARN__DUPLICATE_METHOD_MATCH = YES;
				COPY_PHASE_STRIP = NO;
				DEAD_CODE_STRIPPING = NO;
				ENABLE_NS_ASSERTIONS = NO;
				GCC_C_LANGUAGE_STANDARD = gnu99;
				GCC_WARN_64_TO_32_BIT_CONVERSION = YES;
				GCC_WARN_ABOUT_RETURN_TYPE = YES_ERROR;
				GCC_WARN_UNDECLARED_SELECTOR = YES;
				GCC_WARN_UNINITIALIZED_AUTOS = YES;
				GCC_WARN_UNUSED_FUNCTION = YES;
				GCC_WARN_UNUSED_VARIABLE = YES;
				IPHONEOS_DEPLOYMENT_TARGET = 7.0;
				PUBLIC_HEADERS_FOLDER_PATH = "$(PROJECT_NAME)Headers";
				SDKROOT = iphoneos;
				STRIP_STYLE = "non-global";
				VALIDATE_PRODUCT = YES;
				VALID_ARCHS = "arm64 armv7 armv7s i386 x86_64";
			};
			name = Release;
		};
		DB070F59188E9496007F4A1B /* Debug */ = {
			isa = XCBuildConfiguration;
			buildSettings = {
				DSTROOT = /tmp/UbiquityStoreManager.dst;
				GCC_PRECOMPILE_PREFIX_HEADER = NO;
				GCC_PREFIX_HEADER = "";
				OTHER_LDFLAGS = "-ObjC";
				PRODUCT_NAME = "$(TARGET_NAME)";
				SKIP_INSTALL = YES;
			};
			name = Debug;
		};
		DB070F5A188E9496007F4A1B /* Release */ = {
			isa = XCBuildConfiguration;
			buildSettings = {
				DSTROOT = /tmp/UbiquityStoreManager.dst;
				GCC_PRECOMPILE_PREFIX_HEADER = NO;
				GCC_PREFIX_HEADER = "";
				OTHER_LDFLAGS = "-ObjC";
				PRODUCT_NAME = "$(TARGET_NAME)";
				SKIP_INSTALL = YES;
			};
			name = Release;
		};
		DB070FA5188E9B1A007F4A1B /* Debug */ = {
			isa = XCBuildConfiguration;
			buildSettings = {
				PRODUCT_NAME = "$(TARGET_NAME)";
				VALID_ARCHS = "$(inherited)";
			};
			name = Debug;
		};
		DB070FA6188E9B1A007F4A1B /* Release */ = {
			isa = XCBuildConfiguration;
			buildSettings = {
				PRODUCT_NAME = "$(TARGET_NAME)";
				VALID_ARCHS = "$(inherited)";
			};
			name = Release;
		};
/* End XCBuildConfiguration section */

/* Begin XCConfigurationList section */
		DB070F30188E9495007F4A1B /* Build configuration list for PBXProject "UbiquityStoreManager" */ = {
			isa = XCConfigurationList;
			buildConfigurations = (
				DB070F56188E9496007F4A1B /* Debug */,
				DB070F57188E9496007F4A1B /* Release */,
			);
			defaultConfigurationIsVisible = 0;
			defaultConfigurationName = Release;
		};
		DB070F58188E9496007F4A1B /* Build configuration list for PBXNativeTarget "UbiquityStoreManager" */ = {
			isa = XCConfigurationList;
			buildConfigurations = (
				DB070F59188E9496007F4A1B /* Debug */,
				DB070F5A188E9496007F4A1B /* Release */,
			);
			defaultConfigurationIsVisible = 0;
			defaultConfigurationName = Release;
		};
		DB070FA4188E9B1A007F4A1B /* Build configuration list for PBXAggregateTarget "Framework" */ = {
			isa = XCConfigurationList;
			buildConfigurations = (
				DB070FA5188E9B1A007F4A1B /* Debug */,
				DB070FA6188E9B1A007F4A1B /* Release */,
			);
			defaultConfigurationIsVisible = 0;
			defaultConfigurationName = Release;
		};
/* End XCConfigurationList section */
	};
	rootObject = DB070F2D188E9495007F4A1B /* Project object */;
}
